
Microsoft Visual Studio Solution File, Format Version 12.00
# Visual Studio 15
VisualStudioVersion = 15.0.27703.2047
MinimumVisualStudioVersion = 10.0.40219.1
Project("{8BC9CEB8-8B4A-11D0-8D11-00A0C91BC942}") = "RobertCodeDesignAndData", "RobertCodeDesignAndData\RobertCodeDesignAndData.vcxproj", "{4AF8CA96-80B9-412F-AFCA-67F695E59856}"
EndProject
Project("{8BC9CEB8-8B4A-11D0-8D11-00A0C91BC942}") = "Algorithm", "Algorithm\Algorithm.vcxproj", "{0F762D0F-96EB-4DFD-AFB3-50ED177EF669}"
EndProject
Global
	GlobalSection(SolutionConfigurationPlatforms) = preSolution
		Debug|x64 = Debug|x64
		Debug|x86 = Debug|x86
		Release|x64 = Release|x64
		Release|x86 = Release|x86
	EndGlobalSection
	GlobalSection(ProjectConfigurationPlatforms) = postSolution
		{4AF8CA96-80B9-412F-AFCA-67F695E59856}.Debug|x64.ActiveCfg = Debug|x64
		{4AF8CA96-80B9-412F-AFCA-67F695E59856}.Debug|x64.Build.0 = Debug|x64
		{4AF8CA96-80B9-412F-AFCA-67F695E59856}.Debug|x86.ActiveCfg = Debug|Win32
		{4AF8CA96-80B9-412F-AFCA-67F695E59856}.Debug|x86.Build.0 = Debug|Win32
		{4AF8CA96-80B9-412F-AFCA-67F695E59856}.Release|x64.ActiveCfg = Release|x64
		{4AF8CA96-80B9-412F-AFCA-67F695E59856}.Release|x64.Build.0 = Release|x64
		{4AF8CA96-80B9-412F-AFCA-67F695E59856}.Release|x86.ActiveCfg = Release|Win32
		{4AF8CA96-80B9-412F-AFCA-67F695E59856}.Release|x86.Build.0 = Release|Win32
		{0F762D0F-96EB-4DFD-AFB3-50ED177EF669}.Debug|x64.ActiveCfg = Debug|x64
		{0F762D0F-96EB-4DFD-AFB3-50ED177EF669}.Debug|x64.Build.0 = Debug|x64
		{0F762D0F-96EB-4DFD-AFB3-50ED177EF669}.Debug|x86.ActiveCfg = Debug|Win32
		{0F762D0F-96EB-4DFD-AFB3-50ED177EF669}.Debug|x86.Build.0 = Debug|Win32
		{0F762D0F-96EB-4DFD-AFB3-50ED177EF669}.Release|x64.ActiveCfg = Release|x64
		{0F762D0F-96EB-4DFD-AFB3-50ED177EF669}.Release|x64.Build.0 = Release|x64
		{0F762D0F-96EB-4DFD-AFB3-50ED177EF669}.Release|x86.ActiveCfg = Release|Win32
		{0F762D0F-96EB-4DFD-AFB3-50ED177EF669}.Release|x86.Build.0 = Release|Win32
	EndGlobalSection
	GlobalSection(SolutionProperties) = preSolution
		HideSolutionNode = FALSE
	EndGlobalSection
	GlobalSection(ExtensibilityGlobals) = postSolution
		SolutionGuid = {C4201038-2328-4C0D-96C3-44FC81C5E748}
	EndGlobalSection
EndGlobal
